PODS:
  - Squeal (1.2.0)
  - SWXMLHash (5.0.1)

DEPENDENCIES:
  - Squeal (= 1.2.0)
  - SWXMLHash

SPEC REPOS:
  trunk:
    - Squeal
    - SWXMLHash

SPEC CHECKSUMS:
  Squeal: f6ca46fb5b7b24c03b0e8c729b038bc4ca964241
  SWXMLHash: 9cc0c2e4807926c74377724aa8722ee5707a0485

PODFILE CHECKSUM: b25453b6a57f783eee2aab6e2ff649870029e2aa

COCOAPODS: 1.8.4
